
Microsoft Visual Studio Solution File, Format Version 12.00
# Visual Studio Version 16
VisualStudioVersion = 16.0.31624.102
MinimumVisualStudioVersion = 10.0.40219.1
Project("{FAE04EC0-301F-11D3-BF4B-00C04F79EFBC}") = "Ex05", "Ex05\Ex05.csproj", "{A87133EB-B786-4186-A528-D6FC0550DB9C}"
EndProject
Global
	GlobalSection(SolutionConfigurationPlatforms) = preSolution
		Debug|Any CPU = Debug|Any CPU
		Release|Any CPU = Release|Any CPU
	EndGlobalSection
	GlobalSection(ProjectConfigurationPlatforms) = postSolution
		{A87133EB-B786-4186-A528-D6FC0550DB9C}.Debug|Any CPU.ActiveCfg = Debug|Any CPU
		{A87133EB-B786-4186-A528-D6FC0550DB9C}.Debug|Any CPU.Build.0 = Debug|Any CPU
		{A87133EB-B786-4186-A528-D6FC0550DB9C}.Release|Any CPU.ActiveCfg = Release|Any CPU
		{A87133EB-B786-4186-A528-D6FC0550DB9C}.Release|Any CPU.Build.0 = Release|Any CPU
	EndGlobalSection
	GlobalSection(SolutionProperties) = preSolution
		HideSolutionNode = FALSE
	EndGlobalSection
	GlobalSection(ExtensibilityGlobals) = postSolution
		SolutionGuid = {DAF0FE13-D4E3-4217-81DB-C69D614DD9EC}
	EndGlobalSection
EndGlobal
