
Microsoft Visual Studio Solution File, Format Version 12.00
# Visual Studio Version 16
VisualStudioVersion = 16.0.31624.102
MinimumVisualStudioVersion = 10.0.40219.1
Project("{FAE04EC0-301F-11D3-BF4B-00C04F79EFBC}") = "Ex10", "Ex10\Ex10.csproj", "{5507045D-234F-49BA-99CE-F37735EBF649}"
EndProject
Global
	GlobalSection(SolutionConfigurationPlatforms) = preSolution
		Debug|Any CPU = Debug|Any CPU
		Release|Any CPU = Release|Any CPU
	EndGlobalSection
	GlobalSection(ProjectConfigurationPlatforms) = postSolution
		{5507045D-234F-49BA-99CE-F37735EBF649}.Debug|Any CPU.ActiveCfg = Debug|Any CPU
		{5507045D-234F-49BA-99CE-F37735EBF649}.Debug|Any CPU.Build.0 = Debug|Any CPU
		{5507045D-234F-49BA-99CE-F37735EBF649}.Release|Any CPU.ActiveCfg = Release|Any CPU
		{5507045D-234F-49BA-99CE-F37735EBF649}.Release|Any CPU.Build.0 = Release|Any CPU
	EndGlobalSection
	GlobalSection(SolutionProperties) = preSolution
		HideSolutionNode = FALSE
	EndGlobalSection
	GlobalSection(ExtensibilityGlobals) = postSolution
		SolutionGuid = {BED6D8B2-E4E9-45CD-B48B-5B2E883A53A2}
	EndGlobalSection
EndGlobal
